
Microsoft Visual Studio Solution File, Format Version 12.00
# Visual Studio 15
VisualStudioVersion = 15.0.28307.271
MinimumVisualStudioVersion = 10.0.40219.1
Project("{FAE04EC0-301F-11D3-BF4B-00C04F79EFBC}") = "codefirstpp", "codefirstpp\codefirstpp.csproj", "{9AA06695-59AD-43F0-9F27-EDD08715FE01}"
EndProject
Global
	GlobalSection(SolutionConfigurationPlatforms) = preSolution
		Debug|Any CPU = Debug|Any CPU
		Release|Any CPU = Release|Any CPU
	EndGlobalSection
	GlobalSection(ProjectConfigurationPlatforms) = postSolution
		{9AA06695-59AD-43F0-9F27-EDD08715FE01}.Debug|Any CPU.ActiveCfg = Debug|Any CPU
		{9AA06695-59AD-43F0-9F27-EDD08715FE01}.Debug|Any CPU.Build.0 = Debug|Any CPU
		{9AA06695-59AD-43F0-9F27-EDD08715FE01}.Release|Any CPU.ActiveCfg = Release|Any CPU
		{9AA06695-59AD-43F0-9F27-EDD08715FE01}.Release|Any CPU.Build.0 = Release|Any CPU
	EndGlobalSection
	GlobalSection(SolutionProperties) = preSolution
		HideSolutionNode = FALSE
	EndGlobalSection
	GlobalSection(ExtensibilityGlobals) = postSolution
		SolutionGuid = {D15BAA0E-A450-4161-9B4A-125CADDC9A50}
	EndGlobalSection
EndGlobal
